
Microsoft Visual Studio Solution File, Format Version 12.00
# Visual Studio Version 16
VisualStudioVersion = 16.0.30907.101
MinimumVisualStudioVersion = 10.0.40219.1
Project("{FAE04EC0-301F-11D3-BF4B-00C04F79EFBC}") = "ListenToIt.UI", "ListenToIt.UI\ListenToIt.UI.csproj", "{C0A59236-671E-4687-AA0B-269B9CD25647}"
EndProject
Project("{FAE04EC0-301F-11D3-BF4B-00C04F79EFBC}") = "ListenToIt.Updater", "ListenToIt.Updater\ListenToIt.Updater.csproj", "{F37F3A59-615C-4859-BCE3-E60CDE3C68F8}"
EndProject
Project("{FAE04EC0-301F-11D3-BF4B-00C04F79EFBC}") = "ListenToIt.App", "ListenToIt.App\ListenToIt.App.csproj", "{8ADBB319-2D54-4AC9-8248-CFC747C41B1C}"
EndProject
Project("{FAE04EC0-301F-11D3-BF4B-00C04F79EFBC}") = "ListenToIt.Runner", "ListenToIt.Runner\ListenToIt.Runner.csproj", "{B7FA6708-5908-41C8-8E70-85144C1CA3DC}"
EndProject
Global
	GlobalSection(SolutionConfigurationPlatforms) = preSolution
		Debug|Any CPU = Debug|Any CPU
		Release|Any CPU = Release|Any CPU
	EndGlobalSection
	GlobalSection(ProjectConfigurationPlatforms) = postSolution
		{C0A59236-671E-4687-AA0B-269B9CD25647}.Debug|Any CPU.ActiveCfg = Debug|Any CPU
		{C0A59236-671E-4687-AA0B-269B9CD25647}.Debug|Any CPU.Build.0 = Debug|Any CPU
		{C0A59236-671E-4687-AA0B-269B9CD25647}.Release|Any CPU.ActiveCfg = Release|Any CPU
		{C0A59236-671E-4687-AA0B-269B9CD25647}.Release|Any CPU.Build.0 = Release|Any CPU
		{F37F3A59-615C-4859-BCE3-E60CDE3C68F8}.Debug|Any CPU.ActiveCfg = Debug|Any CPU
		{F37F3A59-615C-4859-BCE3-E60CDE3C68F8}.Debug|Any CPU.Build.0 = Debug|Any CPU
		{F37F3A59-615C-4859-BCE3-E60CDE3C68F8}.Release|Any CPU.ActiveCfg = Release|Any CPU
		{F37F3A59-615C-4859-BCE3-E60CDE3C68F8}.Release|Any CPU.Build.0 = Release|Any CPU
		{8ADBB319-2D54-4AC9-8248-CFC747C41B1C}.Debug|Any CPU.ActiveCfg = Debug|Any CPU
		{8ADBB319-2D54-4AC9-8248-CFC747C41B1C}.Debug|Any CPU.Build.0 = Debug|Any CPU
		{8ADBB319-2D54-4AC9-8248-CFC747C41B1C}.Release|Any CPU.ActiveCfg = Release|Any CPU
		{8ADBB319-2D54-4AC9-8248-CFC747C41B1C}.Release|Any CPU.Build.0 = Release|Any CPU
		{B7FA6708-5908-41C8-8E70-85144C1CA3DC}.Debug|Any CPU.ActiveCfg = Debug|Any CPU
		{B7FA6708-5908-41C8-8E70-85144C1CA3DC}.Debug|Any CPU.Build.0 = Debug|Any CPU
		{B7FA6708-5908-41C8-8E70-85144C1CA3DC}.Release|Any CPU.ActiveCfg = Release|Any CPU
		{B7FA6708-5908-41C8-8E70-85144C1CA3DC}.Release|Any CPU.Build.0 = Release|Any CPU
	EndGlobalSection
	GlobalSection(SolutionProperties) = preSolution
		HideSolutionNode = FALSE
	EndGlobalSection
	GlobalSection(ExtensibilityGlobals) = postSolution
		SolutionGuid = {8F43C15B-8348-41A4-BE3C-87A47C86E6B5}
	EndGlobalSection
EndGlobal
